
Microsoft Visual Studio Solution File, Format Version 12.00
# Visual Studio Express 15 for Windows Desktop
VisualStudioVersion = 15.0.28307.779
MinimumVisualStudioVersion = 10.0.40219.1
Project("{FAE04EC0-301F-11D3-BF4B-00C04F79EFBC}") = "MainJardin", "Micelli.Martin.2D.SegundoParcialLaboratorio2\MainJardin.csproj", "{876E00F3-8D1F-4E40-9E3B-EAA0DDCA5B9C}"
EndProject
Project("{FAE04EC0-301F-11D3-BF4B-00C04F79EFBC}") = "Entidades", "Entidades\Entidades.csproj", "{723A888A-1592-440E-BA42-402C511BAC0B}"
EndProject
Project("{FAE04EC0-301F-11D3-BF4B-00C04F79EFBC}") = "PruebasUnitarias", "PruebasUnitarias\PruebasUnitarias.csproj", "{52920357-A3BC-41E1-9DA0-E18246EF6110}"
EndProject
Global
	GlobalSection(SolutionConfigurationPlatforms) = preSolution
		Debug|Any CPU = Debug|Any CPU
		Release|Any CPU = Release|Any CPU
	EndGlobalSection
	GlobalSection(ProjectConfigurationPlatforms) = postSolution
		{876E00F3-8D1F-4E40-9E3B-EAA0DDCA5B9C}.Debug|Any CPU.ActiveCfg = Debug|Any CPU
		{876E00F3-8D1F-4E40-9E3B-EAA0DDCA5B9C}.Debug|Any CPU.Build.0 = Debug|Any CPU
		{876E00F3-8D1F-4E40-9E3B-EAA0DDCA5B9C}.Release|Any CPU.ActiveCfg = Release|Any CPU
		{876E00F3-8D1F-4E40-9E3B-EAA0DDCA5B9C}.Release|Any CPU.Build.0 = Release|Any CPU
		{723A888A-1592-440E-BA42-402C511BAC0B}.Debug|Any CPU.ActiveCfg = Debug|Any CPU
		{723A888A-1592-440E-BA42-402C511BAC0B}.Debug|Any CPU.Build.0 = Debug|Any CPU
		{723A888A-1592-440E-BA42-402C511BAC0B}.Release|Any CPU.ActiveCfg = Release|Any CPU
		{723A888A-1592-440E-BA42-402C511BAC0B}.Release|Any CPU.Build.0 = Release|Any CPU
		{52920357-A3BC-41E1-9DA0-E18246EF6110}.Debug|Any CPU.ActiveCfg = Debug|Any CPU
		{52920357-A3BC-41E1-9DA0-E18246EF6110}.Debug|Any CPU.Build.0 = Debug|Any CPU
		{52920357-A3BC-41E1-9DA0-E18246EF6110}.Release|Any CPU.ActiveCfg = Release|Any CPU
		{52920357-A3BC-41E1-9DA0-E18246EF6110}.Release|Any CPU.Build.0 = Release|Any CPU
	EndGlobalSection
	GlobalSection(SolutionProperties) = preSolution
		HideSolutionNode = FALSE
	EndGlobalSection
	GlobalSection(ExtensibilityGlobals) = postSolution
		SolutionGuid = {A3C89066-840B-4FD3-B19B-2EA8C9FA92D6}
	EndGlobalSection
EndGlobal
